{
    "_readme": [
        "This file locks the dependencies of your project to a known state",
        "Read more about it at http://getcomposer.org/doc/01-basic-usage.md#composer-lock-the-lock-file",
        "This file is @generated automatically"
    ],
    "hash": "653a8cd4013d35de8c4e9134c0ea45f5",
    "packages": [
        {
            "name": "damel/flight-skeleton",
            "version": "dev-master",
            "source": {
                "type": "git",
                "url": "https://github.com/daniel-melzer/flight-skeleton.git",
                "reference": "96f80984bc5b23ffde75f6dad87424cad8afc5b1"
            },
            "dist": {
                "type": "zip",
                "url": "https://api.github.com/repos/daniel-melzer/flight-skeleton/zipball/96f80984bc5b23ffde75f6dad87424cad8afc5b1",
                "reference": "96f80984bc5b23ffde75f6dad87424cad8afc5b1",
                "shasum": ""
            },
            "require": {
                "mikecao/flight": "~1.2",
                "php": ">=5.3.3"
            },
            "suggest": {
                "forestry/log": "Small log file writer with adjustable log level settings.",
                "forestry/orm": "Small ORM for simple CRUD operations",
                "maximebf/consolekit": "PHP 5.3 library to create command line utilities"
            },
            "type": "library",
            "autoload": {
                "psr-0": {
                    "": "src/"
                }
            },
            "notification-url": "https://packagist.org/downloads/",
            "license": [
                "MIT"
            ],
            "authors": [
                {
                    "name": "Daniel Melzer",
                    "email": "daniel@melzer.ws",
                    "homepage": "http://daniel.melzer.ws"
                }
            ],
            "description": "Skeleton for applications based on the Flight PHP microframework.",
            "keywords": [
                "Skeleton",
                "flight"
            ],
            "time": "2015-03-27 13:39:03"
        },
        {
            "name": "guzzlehttp/guzzle",
            "version": "4.2.3",
            "source": {
                "type": "git",
                "url": "https://github.com/guzzle/guzzle.git",
                "reference": "66fd916e9f9130bc22c51450476823391cb2f67c"
            },
            "dist": {
                "type": "zip",
                "url": "https://api.github.com/repos/guzzle/guzzle/zipball/66fd916e9f9130bc22c51450476823391cb2f67c",
                "reference": "66fd916e9f9130bc22c51450476823391cb2f67c",
                "shasum": ""
            },
            "require": {
                "ext-json": "*",
                "guzzlehttp/streams": "~2.1",
                "php": ">=5.4.0"
            },
            "require-dev": {
                "ext-curl": "*",
                "phpunit/phpunit": "~4.0",
                "psr/log": "~1.0"
            },
            "suggest": {
                "ext-curl": "Guzzle will use specific adapters if cURL is present"
            },
            "type": "library",
            "extra": {
                "branch-alias": {
                    "dev-master": "4.2-dev"
                }
            },
            "autoload": {
                "psr-4": {
                    "GuzzleHttp\\": "src/"
                },
                "files": [
                    "src/functions.php"
                ]
            },
            "notification-url": "https://packagist.org/downloads/",
            "license": [
                "MIT"
            ],
            "authors": [
                {
                    "name": "Michael Dowling",
                    "email": "mtdowling@gmail.com",
                    "homepage": "https://github.com/mtdowling"
                }
            ],
            "description": "Guzzle is a PHP HTTP client library and framework for building RESTful web service clients",
            "homepage": "http://guzzlephp.org/",
            "keywords": [
                "client",
                "curl",
                "framework",
                "http",
                "http client",
                "rest",
                "web service"
            ],
            "time": "2014-10-05 19:29:14"
        },
        {
            "name": "guzzlehttp/streams",
            "version": "2.1.0",
            "source": {
                "type": "git",
                "url": "https://github.com/guzzle/streams.git",
                "reference": "f91b721d73f0e561410903b3b3c90a5d0e40b534"
            },
            "dist": {
                "type": "zip",
                "url": "https://api.github.com/repos/guzzle/streams/zipball/f91b721d73f0e561410903b3b3c90a5d0e40b534",
                "reference": "f91b721d73f0e561410903b3b3c90a5d0e40b534",
                "shasum": ""
            },
            "require": {
                "php": ">=5.4.0"
            },
            "require-dev": {
                "phpunit/phpunit": "~4.0"
            },
            "type": "library",
            "extra": {
                "branch-alias": {
                    "dev-master": "2.0-dev"
                }
            },
            "autoload": {
                "psr-4": {
                    "GuzzleHttp\\Stream\\": "src/"
                },
                "files": [
                    "src/functions.php"
                ]
            },
            "notification-url": "https://packagist.org/downloads/",
            "license": [
                "MIT"
            ],
            "authors": [
                {
                    "name": "Michael Dowling",
                    "email": "mtdowling@gmail.com",
                    "homepage": "https://github.com/mtdowling"
                }
            ],
            "description": "Provides a simple abstraction over streams of data (Guzzle 4+)",
            "homepage": "http://guzzlephp.org/",
            "keywords": [
                "Guzzle",
                "stream"
            ],
            "time": "2014-08-17 21:15:53"
        },
        {
            "name": "mikecao/flight",
            "version": "v1.2.13",
            "source": {
                "type": "git",
                "url": "https://github.com/mikecao/flight.git",
                "reference": "9b0b527ac5f1b75ad79d151a4510b8ea958769bf"
            },
            "dist": {
                "type": "zip",
                "url": "https://api.github.com/repos/mikecao/flight/zipball/9b0b527ac5f1b75ad79d151a4510b8ea958769bf",
                "reference": "9b0b527ac5f1b75ad79d151a4510b8ea958769bf",
                "shasum": ""
            },
            "require": {
                "php": ">=5.3.0"
            },
            "type": "library",
            "autoload": {
                "files": [
                    "flight/autoload.php",
                    "flight/Flight.php"
                ]
            },
            "notification-url": "https://packagist.org/downloads/",
            "license": [
                "MIT"
            ],
            "authors": [
                {
                    "name": "Mike Cao",
                    "email": "mike@mikecao.com",
                    "homepage": "http://www.mikecao.com/",
                    "role": "Original Developer"
                }
            ],
            "description": "Flight is a fast, simple, extensible framework for PHP. Flight enables you to quickly and easily build RESTful web applications.",
            "homepage": "http://flightphp.com",
            "time": "2015-03-24 04:14:58"
        },
        {
            "name": "predictionio/predictionio",
            "version": "v0.8.2",
            "source": {
                "type": "git",
                "url": "https://github.com/PredictionIO/PredictionIO-PHP-SDK.git",
                "reference": "31fbfb50e0f3e381b0be0ccf247ffbf2dd1d5a98"
            },
            "dist": {
                "type": "zip",
                "url": "https://api.github.com/repos/PredictionIO/PredictionIO-PHP-SDK/zipball/31fbfb50e0f3e381b0be0ccf247ffbf2dd1d5a98",
                "reference": "31fbfb50e0f3e381b0be0ccf247ffbf2dd1d5a98",
                "shasum": ""
            },
            "require": {
                "guzzlehttp/guzzle": "~4.0",
                "php": ">=5.4.0"
            },
            "require-dev": {
                "symfony/class-loader": "*"
            },
            "type": "library",
            "autoload": {
                "psr-0": {
                    "predictionio": "src/"
                }
            },
            "notification-url": "https://packagist.org/downloads/",
            "license": [
                "Apache-2.0"
            ],
            "authors": [
                {
                    "name": "The PredictionIO Team",
                    "email": "help@prediction.io",
                    "homepage": "http://prediction.io"
                }
            ],
            "description": "PredictionIO API PHP Client",
            "homepage": "http://prediction.io",
            "keywords": [
                "prediction",
                "predictionio",
                "recommendation",
                "rest",
                "restful",
                "tappingstone",
                "web service"
            ],
            "time": "2014-11-22 01:29:36"
        }
    ],
    "packages-dev": [],
    "aliases": [],
    "minimum-stability": "stable",
    "stability-flags": {
        "damel/flight-skeleton": 20
    },
    "prefer-stable": false,
    "prefer-lowest": false,
    "platform": [],
    "platform-dev": []
}
